// !$*UTF8*$!
{
	archiveVersion = 1;
	classes = {
	};
	objectVersion = 56;
	objects = {

/* Begin PBXBuildFile section */
		87F055B62937B96200CE5D39 /* Task_ManagerApp.swift in Sources */ = {isa = PBXBuildFile; fileRef = 87F055B52937B96200CE5D39 /* Task_ManagerApp.swift */; };
		87F055B82937B96200CE5D39 /* ContentView.swift in Sources */ = {isa = PBXBuildFile; fileRef = 87F055B72937B96200CE5D39 /* ContentView.swift */; };
		87F055BA2937B96300CE5D39 /* Assets.xcassets in Resources */ = {isa = PBXBuildFile; fileRef = 87F055B92937B96300CE5D39 /* Assets.xcassets */; };
		87F055BD2937B96300CE5D39 /* Preview Assets.xcassets in Resources */ = {isa = PBXBuildFile; fileRef = 87F055BC2937B96300CE5D39 /* Preview Assets.xcassets */; };
		87F055BF2937B96300CE5D39 /* Persistence.swift in Sources */ = {isa = PBXBuildFile; fileRef = 87F055BE2937B96300CE5D39 /* Persistence.swift */; };
		87F055C22937B96300CE5D39 /* Task_Manager.xcdatamodeld in Sources */ = {isa = PBXBuildFile; fileRef = 87F055C02937B96300CE5D39 /* Task_Manager.xcdatamodeld */; };
		87F055CC2937B96300CE5D39 /* Task_ManagerTests.swift in Sources */ = {isa = PBXBuildFile; fileRef = 87F055CB2937B96300CE5D39 /* Task_ManagerTests.swift */; };
		87F055D62937B96300CE5D39 /* Task_ManagerUITests.swift in Sources */ = {isa = PBXBuildFile; fileRef = 87F055D52937B96300CE5D39 /* Task_ManagerUITests.swift */; };
		87F055D82937B96300CE5D39 /* Task_ManagerUITestsLaunchTests.swift in Sources */ = {isa = PBXBuildFile; fileRef = 87F055D72937B96300CE5D39 /* Task_ManagerUITestsLaunchTests.swift */; };
		87F055E92937BD2100CE5D39 /* HomeView.swift in Sources */ = {isa = PBXBuildFile; fileRef = 87F055E82937BD2100CE5D39 /* HomeView.swift */; };
		87F055EB2937BF7A00CE5D39 /* TaskViewModel.swift in Sources */ = {isa = PBXBuildFile; fileRef = 87F055EA2937BF7A00CE5D39 /* TaskViewModel.swift */; };
		87F055ED2937CBF800CE5D39 /* AddTaskView.swift in Sources */ = {isa = PBXBuildFile; fileRef = 87F055EC2937CBF800CE5D39 /* AddTaskView.swift */; };
		87F8B0E829393AD500E578F4 /* DynamicFilterView.swift in Sources */ = {isa = PBXBuildFile; fileRef = 87F8B0E729393AD500E578F4 /* DynamicFilterView.swift */; };
/* End PBXBuildFile section */

/* Begin PBXContainerItemProxy section */
		87F055C82937B96300CE5D39 /* PBXContainerItemProxy */ = {
			isa = PBXContainerItemProxy;
			containerPortal = 87F055AA2937B96200CE5D39 /* Project object */;
			proxyType = 1;
			remoteGlobalIDString = 87F055B12937B96200CE5D39;
			remoteInfo = "Task Manager";
		};
		87F055D22937B96300CE5D39 /* PBXContainerItemProxy */ = {
			isa = PBXContainerItemProxy;
			containerPortal = 87F055AA2937B96200CE5D39 /* Project object */;
			proxyType = 1;
			remoteGlobalIDString = 87F055B12937B96200CE5D39;
			remoteInfo = "Task Manager";
		};
/* End PBXContainerItemProxy section */

/* Begin PBXFileReference section */
		87F055B22937B96200CE5D39 /* Task Manager.app */ = {isa = PBXFileReference; explicitFileType = wrapper.application; includeInIndex = 0; path = "Task Manager.app"; sourceTree = BUILT_PRODUCTS_DIR; };
		87F055B52937B96200CE5D39 /* Task_ManagerApp.swift */ = {isa = PBXFileReference; lastKnownFileType = sourcecode.swift; path = Task_ManagerApp.swift; sourceTree = "<group>"; };
		87F055B72937B96200CE5D39 /* ContentView.swift */ = {isa = PBXFileReference; lastKnownFileType = sourcecode.swift; path = ContentView.swift; sourceTree = "<group>"; };
		87F055B92937B96300CE5D39 /* Assets.xcassets */ = {isa = PBXFileReference; lastKnownFileType = folder.assetcatalog; path = Assets.xcassets; sourceTree = "<group>"; };
		87F055BC2937B96300CE5D39 /* Preview Assets.xcassets */ = {isa = PBXFileReference; lastKnownFileType = folder.assetcatalog; path = "Preview Assets.xcassets"; sourceTree = "<group>"; };
		87F055BE2937B96300CE5D39 /* Persistence.swift */ = {isa = PBXFileReference; lastKnownFileType = sourcecode.swift; path = Persistence.swift; sourceTree = "<group>"; };
		87F055C12937B96300CE5D39 /* Task_Manager.xcdatamodel */ = {isa = PBXFileReference; lastKnownFileType = wrapper.xcdatamodel; path = Task_Manager.xcdatamodel; sourceTree = "<group>"; };
		87F055C72937B96300CE5D39 /* Task ManagerTests.xctest */ = {isa = PBXFileReference; explicitFileType = wrapper.cfbundle; includeInIndex = 0; path = "Task ManagerTests.xctest"; sourceTree = BUILT_PRODUCTS_DIR; };
		87F055CB2937B96300CE5D39 /* Task_ManagerTests.swift */ = {isa = PBXFileReference; lastKnownFileType = sourcecode.swift; path = Task_ManagerTests.swift; sourceTree = "<group>"; };
		87F055D12937B96300CE5D39 /* Task ManagerUITests.xctest */ = {isa = PBXFileReference; explicitFileType = wrapper.cfbundle; includeInIndex = 0; path = "Task ManagerUITests.xctest"; sourceTree = BUILT_PRODUCTS_DIR; };
		87F055D52937B96300CE5D39 /* Task_ManagerUITests.swift */ = {isa = PBXFileReference; lastKnownFileType = sourcecode.swift; path = Task_ManagerUITests.swift; sourceTree = "<group>"; };
		87F055D72937B96300CE5D39 /* Task_ManagerUITestsLaunchTests.swift */ = {isa = PBXFileReference; lastKnownFileType = sourcecode.swift; path = Task_ManagerUITestsLaunchTests.swift; sourceTree = "<group>"; };
		87F055E82937BD2100CE5D39 /* HomeView.swift */ = {isa = PBXFileReference; lastKnownFileType = sourcecode.swift; path = HomeView.swift; sourceTree = "<group>"; };
		87F055EA2937BF7A00CE5D39 /* TaskViewModel.swift */ = {isa = PBXFileReference; lastKnownFileType = sourcecode.swift; path = TaskViewModel.swift; sourceTree = "<group>"; };
		87F055EC2937CBF800CE5D39 /* AddTaskView.swift */ = {isa = PBXFileReference; lastKnownFileType = sourcecode.swift; path = AddTaskView.swift; sourceTree = "<group>"; };
		87F8B0E729393AD500E578F4 /* DynamicFilterView.swift */ = {isa = PBXFileReference; lastKnownFileType = sourcecode.swift; path = DynamicFilterView.swift; sourceTree = "<group>"; };
/* End PBXFileReference section */

/* Begin PBXFrameworksBuildPhase section */
		87F055AF2937B96200CE5D39 /* Frameworks */ = {
			isa = PBXFrameworksBuildPhase;
			buildActionMask = 2147483647;
			files = (
			);
			runOnlyForDeploymentPostprocessing = 0;
		};
		87F055C42937B96300CE5D39 /* Frameworks */ = {
			isa = PBXFrameworksBuildPhase;
			buildActionMask = 2147483647;
			files = (
			);
			runOnlyForDeploymentPostprocessing = 0;
		};
		87F055CE2937B96300CE5D39 /* Frameworks */ = {
			isa = PBXFrameworksBuildPhase;
			buildActionMask = 2147483647;
			files = (
			);
			runOnlyForDeploymentPostprocessing = 0;
		};
/* End PBXFrameworksBuildPhase section */

/* Begin PBXGroup section */
		87F055A92937B96200CE5D39 = {
			isa = PBXGroup;
			children = (
				87F055B42937B96200CE5D39 /* Task Manager */,
				87F055CA2937B96300CE5D39 /* Task ManagerTests */,
				87F055D42937B96300CE5D39 /* Task ManagerUITests */,
				87F055B32937B96200CE5D39 /* Products */,
			);
			sourceTree = "<group>";
		};
		87F055B32937B96200CE5D39 /* Products */ = {
			isa = PBXGroup;
			children = (
				87F055B22937B96200CE5D39 /* Task Manager.app */,
				87F055C72937B96300CE5D39 /* Task ManagerTests.xctest */,
				87F055D12937B96300CE5D39 /* Task ManagerUITests.xctest */,
			);
			name = Products;
			sourceTree = "<group>";
		};
		87F055B42937B96200CE5D39 /* Task Manager */ = {
			isa = PBXGroup;
			children = (
				87F055E52937BB5E00CE5D39 /* ViewModels */,
				87F055E42937BB4E00CE5D39 /* Views */,
				87F055B52937B96200CE5D39 /* Task_ManagerApp.swift */,
				87F055B92937B96300CE5D39 /* Assets.xcassets */,
				87F055BE2937B96300CE5D39 /* Persistence.swift */,
				87F055C02937B96300CE5D39 /* Task_Manager.xcdatamodeld */,
				87F055BB2937B96300CE5D39 /* Preview Content */,
			);
			path = "Task Manager";
			sourceTree = "<group>";
		};
		87F055BB2937B96300CE5D39 /* Preview Content */ = {
			isa = PBXGroup;
			children = (
				87F055BC2937B96300CE5D39 /* Preview Assets.xcassets */,
			);
			path = "Preview Content";
			sourceTree = "<group>";
		};
		87F055CA2937B96300CE5D39 /* Task ManagerTests */ = {
			isa = PBXGroup;
			children = (
				87F055CB2937B96300CE5D39 /* Task_ManagerTests.swift */,
			);
			path = "Task ManagerTests";
			sourceTree = "<group>";
		};
		87F055D42937B96300CE5D39 /* Task ManagerUITests */ = {
			isa = PBXGroup;
			children = (
				87F055D52937B96300CE5D39 /* Task_ManagerUITests.swift */,
				87F055D72937B96300CE5D39 /* Task_ManagerUITestsLaunchTests.swift */,
			);
			path = "Task ManagerUITests";
			sourceTree = "<group>";
		};
		87F055E42937BB4E00CE5D39 /* Views */ = {
			isa = PBXGroup;
			children = (
				87F055B72937B96200CE5D39 /* ContentView.swift */,
				87F055E82937BD2100CE5D39 /* HomeView.swift */,
				87F055EC2937CBF800CE5D39 /* AddTaskView.swift */,
				87F8B0E729393AD500E578F4 /* DynamicFilterView.swift */,
			);
			path = Views;
			sourceTree = "<group>";
		};
		87F055E52937BB5E00CE5D39 /* ViewModels */ = {
			isa = PBXGroup;
			children = (
				87F055EA2937BF7A00CE5D39 /* TaskViewModel.swift */,
			);
			path = ViewModels;
			sourceTree = "<group>";
		};
/* End PBXGroup section */

/* Begin PBXNativeTarget section */
		87F055B12937B96200CE5D39 /* Task Manager */ = {
			isa = PBXNativeTarget;
			buildConfigurationList = 87F055DB2937B96300CE5D39 /* Build configuration list for PBXNativeTarget "Task Manager" */;
			buildPhases = (
				87F055AE2937B96200CE5D39 /* Sources */,
				87F055AF2937B96200CE5D39 /* Frameworks */,
				87F055B02937B96200CE5D39 /* Resources */,
			);
			buildRules = (
			);
			dependencies = (
			);
			name = "Task Manager";
			productName = "Task Manager";
			productReference = 87F055B22937B96200CE5D39 /* Task Manager.app */;
			productType = "com.apple.product-type.application";
		};
		87F055C62937B96300CE5D39 /* Task ManagerTests */ = {
			isa = PBXNativeTarget;
			buildConfigurationList = 87F055DE2937B96300CE5D39 /* Build configuration list for PBXNativeTarget "Task ManagerTests" */;
			buildPhases = (
				87F055C32937B96300CE5D39 /* Sources */,
				87F055C42937B96300CE5D39 /* Frameworks */,
				87F055C52937B96300CE5D39 /* Resources */,
			);
			buildRules = (
			);
			dependencies = (
				87F055C92937B96300CE5D39 /* PBXTargetDependency */,
			);
			name = "Task ManagerTests";
			productName = "Task ManagerTests";
			productReference = 87F055C72937B96300CE5D39 /* Task ManagerTests.xctest */;
			productType = "com.apple.product-type.bundle.unit-test";
		};
		87F055D02937B96300CE5D39 /* Task ManagerUITests */ = {
			isa = PBXNativeTarget;
			buildConfigurationList = 87F055E12937B96300CE5D39 /* Build configuration list for PBXNativeTarget "Task ManagerUITests" */;
			buildPhases = (
				87F055CD2937B96300CE5D39 /* Sources */,
				87F055CE2937B96300CE5D39 /* Frameworks */,
				87F055CF2937B96300CE5D39 /* Resources */,
			);
			buildRules = (
			);
			dependencies = (
				87F055D32937B96300CE5D39 /* PBXTargetDependency */,
			);
			name = "Task ManagerUITests";
			productName = "Task ManagerUITests";
			productReference = 87F055D12937B96300CE5D39 /* Task ManagerUITests.xctest */;
			productType = "com.apple.product-type.bundle.ui-testing";
		};
/* End PBXNativeTarget section */

/* Begin PBXProject section */
		87F055AA2937B96200CE5D39 /* Project object */ = {
			isa = PBXProject;
			attributes = {
				BuildIndependentTargetsInParallel = 1;
				LastSwiftUpdateCheck = 1410;
				LastUpgradeCheck = 1410;
				TargetAttributes = {
					87F055B12937B96200CE5D39 = {
						CreatedOnToolsVersion = 14.1;
					};
					87F055C62937B96300CE5D39 = {
						CreatedOnToolsVersion = 14.1;
						TestTargetID = 87F055B12937B96200CE5D39;
					};
					87F055D02937B96300CE5D39 = {
						CreatedOnToolsVersion = 14.1;
						TestTargetID = 87F055B12937B96200CE5D39;
					};
				};
			};
			buildConfigurationList = 87F055AD2937B96200CE5D39 /* Build configuration list for PBXProject "Task Manager" */;
			compatibilityVersion = "Xcode 14.0";
			developmentRegion = en;
			hasScannedForEncodings = 0;
			knownRegions = (
				en,
				Base,
			);
			mainGroup = 87F055A92937B96200CE5D39;
			productRefGroup = 87F055B32937B96200CE5D39 /* Products */;
			projectDirPath = "";
			projectRoot = "";
			targets = (
				87F055B12937B96200CE5D39 /* Task Manager */,
				87F055C62937B96300CE5D39 /* Task ManagerTests */,
				87F055D02937B96300CE5D39 /* Task ManagerUITests */,
			);
		};
/* End PBXProject section */

/* Begin PBXResourcesBuildPhase section */
		87F055B02937B96200CE5D39 /* Resources */ = {
			isa = PBXResourcesBuildPhase;
			buildActionMask = 2147483647;
			files = (
				87F055BD2937B96300CE5D39 /* Preview Assets.xcassets in Resources */,
				87F055BA2937B96300CE5D39 /* Assets.xcassets in Resources */,
			);
			runOnlyForDeploymentPostprocessing = 0;
		};
		87F055C52937B96300CE5D39 /* Resources */ = {
			isa = PBXResourcesBuildPhase;
			buildActionMask = 2147483647;
			files = (
			);
			runOnlyForDeploymentPostprocessing = 0;
		};
		87F055CF2937B96300CE5D39 /* Resources */ = {
			isa = PBXResourcesBuildPhase;
			buildActionMask = 2147483647;
			files = (
			);
			runOnlyForDeploymentPostprocessing = 0;
		};
/* End PBXResourcesBuildPhase section */

/* Begin PBXSourcesBuildPhase section */
		87F055AE2937B96200CE5D39 /* Sources */ = {
			isa = PBXSourcesBuildPhase;
			buildActionMask = 2147483647;
			files = (
				87F8B0E829393AD500E578F4 /* DynamicFilterView.swift in Sources */,
				87F055BF2937B96300CE5D39 /* Persistence.swift in Sources */,
				87F055ED2937CBF800CE5D39 /* AddTaskView.swift in Sources */,
				87F055EB2937BF7A00CE5D39 /* TaskViewModel.swift in Sources */,
				87F055B82937B96200CE5D39 /* ContentView.swift in Sources */,
				87F055C22937B96300CE5D39 /* Task_Manager.xcdatamodeld in Sources */,
				87F055E92937BD2100CE5D39 /* HomeView.swift in Sources */,
				87F055B62937B96200CE5D39 /* Task_ManagerApp.swift in Sources */,
			);
			runOnlyForDeploymentPostprocessing = 0;
		};
		87F055C32937B96300CE5D39 /* Sources */ = {
			isa = PBXSourcesBuildPhase;
			buildActionMask = 2147483647;
			files = (
				87F055CC2937B96300CE5D39 /* Task_ManagerTests.swift in Sources */,
			);
			runOnlyForDeploymentPostprocessing = 0;
		};
		87F055CD2937B96300CE5D39 /* Sources */ = {
			isa = PBXSourcesBuildPhase;
			buildActionMask = 2147483647;
			files = (
				87F055D62937B96300CE5D39 /* Task_ManagerUITests.swift in Sources */,
				87F055D82937B96300CE5D39 /* Task_ManagerUITestsLaunchTests.swift in Sources */,
			);
			runOnlyForDeploymentPostprocessing = 0;
		};
/* End PBXSourcesBuildPhase section */

/* Begin PBXTargetDependency section */
		87F055C92937B96300CE5D39 /* PBXTargetDependency */ = {
			isa = PBXTargetDependency;
			target = 87F055B12937B96200CE5D39 /* Task Manager */;
			targetProxy = 87F055C82937B96300CE5D39 /* PBXContainerItemProxy */;
		};
		87F055D32937B96300CE5D39 /* PBXTargetDependency */ = {
			isa = PBXTargetDependency;
			target = 87F055B12937B96200CE5D39 /* Task Manager */;
			targetProxy = 87F055D22937B96300CE5D39 /* PBXContainerItemProxy */;
		};
/* End PBXTargetDependency section */

/* Begin XCBuildConfiguration section */
		87F055D92937B96300CE5D39 /* Debug */ = {
			isa = XCBuildConfiguration;
			buildSettings = {
				ALWAYS_SEARCH_USER_PATHS = NO;
				CLANG_ANALYZER_NONNULL = YES;
				CLANG_ANALYZER_NUMBER_OBJECT_CONVERSION = YES_AGGRESSIVE;
				CLANG_CXX_LANGUAGE_STANDARD = "gnu++20";
				CLANG_ENABLE_MODULES = YES;
				CLANG_ENABLE_OBJC_ARC = YES;
				CLANG_ENABLE_OBJC_WEAK = YES;
				CLANG_WARN_BLOCK_CAPTURE_AUTORELEASING = YES;
				CLANG_WARN_BOOL_CONVERSION = YES;
				CLANG_WARN_COMMA = YES;
				CLANG_WARN_CONSTANT_CONVERSION = YES;
				CLANG_WARN_DEPRECATED_OBJC_IMPLEMENTATIONS = YES;
				CLANG_WARN_DIRECT_OBJC_ISA_USAGE = YES_ERROR;
				CLANG_WARN_DOCUMENTATION_COMMENTS = YES;
				CLANG_WARN_EMPTY_BODY = YES;
				CLANG_WARN_ENUM_CONVERSION = YES;
				CLANG_WARN_INFINITE_RECURSION = YES;
				CLANG_WARN_INT_CONVERSION = YES;
				CLANG_WARN_NON_LITERAL_NULL_CONVERSION = YES;
				CLANG_WARN_OBJC_IMPLICIT_RETAIN_SELF = YES;
				CLANG_WARN_OBJC_LITERAL_CONVERSION = YES;
				CLANG_WARN_OBJC_ROOT_CLASS = YES_ERROR;
				CLANG_WARN_QUOTED_INCLUDE_IN_FRAMEWORK_HEADER = YES;
				CLANG_WARN_RANGE_LOOP_ANALYSIS = YES;
				CLANG_WARN_STRICT_PROTOTYPES = YES;
				CLANG_WARN_SUSPICIOUS_MOVE = YES;
				CLANG_WARN_UNGUARDED_AVAILABILITY = YES_AGGRESSIVE;
				CLANG_WARN_UNREACHABLE_CODE = YES;
				CLANG_WARN__DUPLICATE_METHOD_MATCH = YES;
				COPY_PHASE_STRIP = NO;
				DEBUG_INFORMATION_FORMAT = dwarf;
				ENABLE_STRICT_OBJC_MSGSEND = YES;
				ENABLE_TESTABILITY = YES;
				GCC_C_LANGUAGE_STANDARD = gnu11;
				GCC_DYNAMIC_NO_PIC = NO;
				GCC_NO_COMMON_BLOCKS = YES;
				GCC_OPTIMIZATION_LEVEL = 0;
				GCC_PREPROCESSOR_DEFINITIONS = (
					"DEBUG=1",
					"$(inherited)",
				);
				GCC_WARN_64_TO_32_BIT_CONVERSION = YES;
				GCC_WARN_ABOUT_RETURN_TYPE = YES_ERROR;
				GCC_WARN_UNDECLARED_SELECTOR = YES;
				GCC_WARN_UNINITIALIZED_AUTOS = YES_AGGRESSIVE;
				GCC_WARN_UNUSED_FUNCTION = YES;
				GCC_WARN_UNUSED_VARIABLE = YES;
				IPHONEOS_DEPLOYMENT_TARGET = 16.1;
				MTL_ENABLE_DEBUG_INFO = INCLUDE_SOURCE;
				MTL_FAST_MATH = YES;
				ONLY_ACTIVE_ARCH = YES;
				SDKROOT = iphoneos;
				SWIFT_ACTIVE_COMPILATION_CONDITIONS = DEBUG;
				SWIFT_OPTIMIZATION_LEVEL = "-Onone";
			};
			name = Debug;
		};
		87F055DA2937B96300CE5D39 /* Release */ = {
			isa = XCBuildConfiguration;
			buildSettings = {
				ALWAYS_SEARCH_USER_PATHS = NO;
				CLANG_ANALYZER_NONNULL = YES;
				CLANG_ANALYZER_NUMBER_OBJECT_CONVERSION = YES_AGGRESSIVE;
				CLANG_CXX_LANGUAGE_STANDARD = "gnu++20";
				CLANG_ENABLE_MODULES = YES;
				CLANG_ENABLE_OBJC_ARC = YES;
				CLANG_ENABLE_OBJC_WEAK = YES;
				CLANG_WARN_BLOCK_CAPTURE_AUTORELEASING = YES;
				CLANG_WARN_BOOL_CONVERSION = YES;
				CLANG_WARN_COMMA = YES;
				CLANG_WARN_CONSTANT_CONVERSION = YES;
				CLANG_WARN_DEPRECATED_OBJC_IMPLEMENTATIONS = YES;
				CLANG_WARN_DIRECT_OBJC_ISA_USAGE = YES_ERROR;
				CLANG_WARN_DOCUMENTATION_COMMENTS = YES;
				CLANG_WARN_EMPTY_BODY = YES;
				CLANG_WARN_ENUM_CONVERSION = YES;
				CLANG_WARN_INFINITE_RECURSION = YES;
				CLANG_WARN_INT_CONVERSION = YES;
				CLANG_WARN_NON_LITERAL_NULL_CONVERSION = YES;
				CLANG_WARN_OBJC_IMPLICIT_RETAIN_SELF = YES;
				CLANG_WARN_OBJC_LITERAL_CONVERSION = YES;
				CLANG_WARN_OBJC_ROOT_CLASS = YES_ERROR;
				CLANG_WARN_QUOTED_INCLUDE_IN_FRAMEWORK_HEADER = YES;
				CLANG_WARN_RANGE_LOOP_ANALYSIS = YES;
				CLANG_WARN_STRICT_PROTOTYPES = YES;
				CLANG_WARN_SUSPICIOUS_MOVE = YES;
				CLANG_WARN_UNGUARDED_AVAILABILITY = YES_AGGRESSIVE;
				CLANG_WARN_UNREACHABLE_CODE = YES;
				CLANG_WARN__DUPLICATE_METHOD_MATCH = YES;
				COPY_PHASE_STRIP = NO;
				DEBUG_INFORMATION_FORMAT = "dwarf-with-dsym";
				ENABLE_NS_ASSERTIONS = NO;
				ENABLE_STRICT_OBJC_MSGSEND = YES;
				GCC_C_LANGUAGE_STANDARD = gnu11;
				GCC_NO_COMMON_BLOCKS = YES;
				GCC_WARN_64_TO_32_BIT_CONVERSION = YES;
				GCC_WARN_ABOUT_RETURN_TYPE = YES_ERROR;
				GCC_WARN_UNDECLARED_SELECTOR = YES;
				GCC_WARN_UNINITIALIZED_AUTOS = YES_AGGRESSIVE;
				GCC_WARN_UNUSED_FUNCTION = YES;
				GCC_WARN_UNUSED_VARIABLE = YES;
				IPHONEOS_DEPLOYMENT_TARGET = 16.1;
				MTL_ENABLE_DEBUG_INFO = NO;
				MTL_FAST_MATH = YES;
				SDKROOT = iphoneos;
				SWIFT_COMPILATION_MODE = wholemodule;
				SWIFT_OPTIMIZATION_LEVEL = "-O";
				VALIDATE_PRODUCT = YES;
			};
			name = Release;
		};
		87F055DC2937B96300CE5D39 /* Debug */ = {
			isa = XCBuildConfiguration;
			buildSettings = {
				ASSETCATALOG_COMPILER_APPICON_NAME = AppIcon;
				ASSETCATALOG_COMPILER_GLOBAL_ACCENT_COLOR_NAME = AccentColor;
				CODE_SIGN_STYLE = Automatic;
				CURRENT_PROJECT_VERSION = 1;
				DEVELOPMENT_ASSET_PATHS = "\"Task Manager/Preview Content\"";
				DEVELOPMENT_TEAM = DDUKN86LGP;
				ENABLE_PREVIEWS = YES;
				GENERATE_INFOPLIST_FILE = YES;
				INFOPLIST_KEY_UIApplicationSceneManifest_Generation = YES;
				INFOPLIST_KEY_UIApplicationSupportsIndirectInputEvents = YES;
				INFOPLIST_KEY_UILaunchScreen_Generation = YES;
				INFOPLIST_KEY_UISupportedInterfaceOrientations_iPad = "UIInterfaceOrientationPortrait UIInterfaceOrientationPortraitUpsideDown UIInterfaceOrientationLandscapeLeft UIInterfaceOrientationLandscapeRight";
				INFOPLIST_KEY_UISupportedInterfaceOrientations_iPhone = "UIInterfaceOrientationPortrait UIInterfaceOrientationLandscapeLeft UIInterfaceOrientationLandscapeRight";
				LD_RUNPATH_SEARCH_PATHS = (
					"$(inherited)",
					"@executable_path/Frameworks",
				);
				MARKETING_VERSION = 1.0;
				PRODUCT_BUNDLE_IDENTIFIER = "test.nemes1s.Task-Manager";
				PRODUCT_NAME = "$(TARGET_NAME)";
				SWIFT_EMIT_LOC_STRINGS = YES;
				SWIFT_VERSION = 5.0;
				TARGETED_DEVICE_FAMILY = "1,2";
			};
			name = Debug;
		};
		87F055DD2937B96300CE5D39 /* Release */ = {
			isa = XCBuildConfiguration;
			buildSettings = {
				ASSETCATALOG_COMPILER_APPICON_NAME = AppIcon;
				ASSETCATALOG_COMPILER_GLOBAL_ACCENT_COLOR_NAME = AccentColor;
				CODE_SIGN_STYLE = Automatic;
				CURRENT_PROJECT_VERSION = 1;
				DEVELOPMENT_ASSET_PATHS = "\"Task Manager/Preview Content\"";
				DEVELOPMENT_TEAM = DDUKN86LGP;
				ENABLE_PREVIEWS = YES;
				GENERATE_INFOPLIST_FILE = YES;
				INFOPLIST_KEY_UIApplicationSceneManifest_Generation = YES;
				INFOPLIST_KEY_UIApplicationSupportsIndirectInputEvents = YES;
				INFOPLIST_KEY_UILaunchScreen_Generation = YES;
				INFOPLIST_KEY_UISupportedInterfaceOrientations_iPad = "UIInterfaceOrientationPortrait UIInterfaceOrientationPortraitUpsideDown UIInterfaceOrientationLandscapeLeft UIInterfaceOrientationLandscapeRight";
				INFOPLIST_KEY_UISupportedInterfaceOrientations_iPhone = "UIInterfaceOrientationPortrait UIInterfaceOrientationLandscapeLeft UIInterfaceOrientationLandscapeRight";
				LD_RUNPATH_SEARCH_PATHS = (
					"$(inherited)",
					"@executable_path/Frameworks",
				);
				MARKETING_VERSION = 1.0;
				PRODUCT_BUNDLE_IDENTIFIER = "test.nemes1s.Task-Manager";
				PRODUCT_NAME = "$(TARGET_NAME)";
				SWIFT_EMIT_LOC_STRINGS = YES;
				SWIFT_VERSION = 5.0;
				TARGETED_DEVICE_FAMILY = "1,2";
			};
			name = Release;
		};
		87F055DF2937B96300CE5D39 /* Debug */ = {
			isa = XCBuildConfiguration;
			buildSettings = {
				ALWAYS_EMBED_SWIFT_STANDARD_LIBRARIES = YES;
				BUNDLE_LOADER = "$(TEST_HOST)";
				CODE_SIGN_STYLE = Automatic;
				CURRENT_PROJECT_VERSION = 1;
				DEVELOPMENT_TEAM = DDUKN86LGP;
				GENERATE_INFOPLIST_FILE = YES;
				IPHONEOS_DEPLOYMENT_TARGET = 16.1;
				MARKETING_VERSION = 1.0;
				PRODUCT_BUNDLE_IDENTIFIER = "test.nemes1s.Task-ManagerTests";
				PRODUCT_NAME = "$(TARGET_NAME)";
				SWIFT_EMIT_LOC_STRINGS = NO;
				SWIFT_VERSION = 5.0;
				TARGETED_DEVICE_FAMILY = "1,2";
				TEST_HOST = "$(BUILT_PRODUCTS_DIR)/Task Manager.app/$(BUNDLE_EXECUTABLE_FOLDER_PATH)/Task Manager";
			};
			name = Debug;
		};
		87F055E02937B96300CE5D39 /* Release */ = {
			isa = XCBuildConfiguration;
			buildSettings = {
				ALWAYS_EMBED_SWIFT_STANDARD_LIBRARIES = YES;
				BUNDLE_LOADER = "$(TEST_HOST)";
				CODE_SIGN_STYLE = Automatic;
				CURRENT_PROJECT_VERSION = 1;
				DEVELOPMENT_TEAM = DDUKN86LGP;
				GENERATE_INFOPLIST_FILE = YES;
				IPHONEOS_DEPLOYMENT_TARGET = 16.1;
				MARKETING_VERSION = 1.0;
				PRODUCT_BUNDLE_IDENTIFIER = "test.nemes1s.Task-ManagerTests";
				PRODUCT_NAME = "$(TARGET_NAME)";
				SWIFT_EMIT_LOC_STRINGS = NO;
				SWIFT_VERSION = 5.0;
				TARGETED_DEVICE_FAMILY = "1,2";
				TEST_HOST = "$(BUILT_PRODUCTS_DIR)/Task Manager.app/$(BUNDLE_EXECUTABLE_FOLDER_PATH)/Task Manager";
			};
			name = Release;
		};
		87F055E22937B96300CE5D39 /* Debug */ = {
			isa = XCBuildConfiguration;
			buildSettings = {
				ALWAYS_EMBED_SWIFT_STANDARD_LIBRARIES = YES;
				CODE_SIGN_STYLE = Automatic;
				CURRENT_PROJECT_VERSION = 1;
				DEVELOPMENT_TEAM = DDUKN86LGP;
				GENERATE_INFOPLIST_FILE = YES;
				MARKETING_VERSION = 1.0;
				PRODUCT_BUNDLE_IDENTIFIER = "test.nemes1s.Task-ManagerUITests";
				PRODUCT_NAME = "$(TARGET_NAME)";
				SWIFT_EMIT_LOC_STRINGS = NO;
				SWIFT_VERSION = 5.0;
				TARGETED_DEVICE_FAMILY = "1,2";
				TEST_TARGET_NAME = "Task Manager";
			};
			name = Debug;
		};
		87F055E32937B96300CE5D39 /* Release */ = {
			isa = XCBuildConfiguration;
			buildSettings = {
				ALWAYS_EMBED_SWIFT_STANDARD_LIBRARIES = YES;
				CODE_SIGN_STYLE = Automatic;
				CURRENT_PROJECT_VERSION = 1;
				DEVELOPMENT_TEAM = DDUKN86LGP;
				GENERATE_INFOPLIST_FILE = YES;
				MARKETING_VERSION = 1.0;
				PRODUCT_BUNDLE_IDENTIFIER = "test.nemes1s.Task-ManagerUITests";
				PRODUCT_NAME = "$(TARGET_NAME)";
				SWIFT_EMIT_LOC_STRINGS = NO;
				SWIFT_VERSION = 5.0;
				TARGETED_DEVICE_FAMILY = "1,2";
				TEST_TARGET_NAME = "Task Manager";
			};
			name = Release;
		};
/* End XCBuildConfiguration section */

/* Begin XCConfigurationList section */
		87F055AD2937B96200CE5D39 /* Build configuration list for PBXProject "Task Manager" */ = {
			isa = XCConfigurationList;
			buildConfigurations = (
				87F055D92937B96300CE5D39 /* Debug */,
				87F055DA2937B96300CE5D39 /* Release */,
			);
			defaultConfigurationIsVisible = 0;
			defaultConfigurationName = Release;
		};
		87F055DB2937B96300CE5D39 /* Build configuration list for PBXNativeTarget "Task Manager" */ = {
			isa = XCConfigurationList;
			buildConfigurations = (
				87F055DC2937B96300CE5D39 /* Debug */,
				87F055DD2937B96300CE5D39 /* Release */,
			);
			defaultConfigurationIsVisible = 0;
			defaultConfigurationName = Release;
		};
		87F055DE2937B96300CE5D39 /* Build configuration list for PBXNativeTarget "Task ManagerTests" */ = {
			isa = XCConfigurationList;
			buildConfigurations = (
				87F055DF2937B96300CE5D39 /* Debug */,
				87F055E02937B96300CE5D39 /* Release */,
			);
			defaultConfigurationIsVisible = 0;
			defaultConfigurationName = Release;
		};
		87F055E12937B96300CE5D39 /* Build configuration list for PBXNativeTarget "Task ManagerUITests" */ = {
			isa = XCConfigurationList;
			buildConfigurations = (
				87F055E22937B96300CE5D39 /* Debug */,
				87F055E32937B96300CE5D39 /* Release */,
			);
			defaultConfigurationIsVisible = 0;
			defaultConfigurationName = Release;
		};
/* End XCConfigurationList section */

/* Begin XCVersionGroup section */
		87F055C02937B96300CE5D39 /* Task_Manager.xcdatamodeld */ = {
			isa = XCVersionGroup;
			children = (
				87F055C12937B96300CE5D39 /* Task_Manager.xcdatamodel */,
			);
			currentVersion = 87F055C12937B96300CE5D39 /* Task_Manager.xcdatamodel */;
			path = Task_Manager.xcdatamodeld;
			sourceTree = "<group>";
			versionGroupType = wrapper.xcdatamodel;
		};
/* End XCVersionGroup section */
	};
	rootObject = 87F055AA2937B96200CE5D39 /* Project object */;
}
